
Microsoft Visual Studio Solution File, Format Version 12.00
# Visual Studio Version 17
VisualStudioVersion = 17.0.31903.59
MinimumVisualStudioVersion = 10.0.40219.1
Project("{FAE04EC0-301F-11D3-BF4B-00C04F79EFBC}") = "BugPro", "BugPro\BugPro.csproj", "{6245CDF7-D217-4F1A-B216-D481BE3CCEB4}"
EndProject
Project("{FAE04EC0-301F-11D3-BF4B-00C04F79EFBC}") = "BugTests", "BugTests\BugTests.csproj", "{7BA4B1CE-9305-4946-A015-317178C49A03}"
EndProject
Global
	GlobalSection(SolutionConfigurationPlatforms) = preSolution
		Debug|Any CPU = Debug|Any CPU
		Release|Any CPU = Release|Any CPU
	EndGlobalSection
	GlobalSection(ProjectConfigurationPlatforms) = postSolution
		{6245CDF7-D217-4F1A-B216-D481BE3CCEB4}.Debug|Any CPU.ActiveCfg = Debug|Any CPU
		{6245CDF7-D217-4F1A-B216-D481BE3CCEB4}.Debug|Any CPU.Build.0 = Debug|Any CPU
		{6245CDF7-D217-4F1A-B216-D481BE3CCEB4}.Release|Any CPU.ActiveCfg = Release|Any CPU
		{6245CDF7-D217-4F1A-B216-D481BE3CCEB4}.Release|Any CPU.Build.0 = Release|Any CPU
		{7BA4B1CE-9305-4946-A015-317178C49A03}.Debug|Any CPU.ActiveCfg = Debug|Any CPU
		{7BA4B1CE-9305-4946-A015-317178C49A03}.Debug|Any CPU.Build.0 = Debug|Any CPU
		{7BA4B1CE-9305-4946-A015-317178C49A03}.Release|Any CPU.ActiveCfg = Release|Any CPU
		{7BA4B1CE-9305-4946-A015-317178C49A03}.Release|Any CPU.Build.0 = Release|Any CPU
	EndGlobalSection
	GlobalSection(SolutionProperties) = preSolution
		HideSolutionNode = FALSE
	EndGlobalSection
	GlobalSection(ExtensibilityGlobals) = postSolution
		SolutionGuid = {6BF4C3BD-8E2C-4C3F-95BB-1029BA3E8861}
	EndGlobalSection
EndGlobal
